
Microsoft Visual Studio Solution File, Format Version 12.00
# Visual Studio Version 16
VisualStudioVersion = 16.0.31129.286
MinimumVisualStudioVersion = 10.0.40219.1
Project("{FAE04EC0-301F-11D3-BF4B-00C04F79EFBC}") = "MoneySupermarketBasket.Tests", "MoneySupermarketBasket.Tests\MoneySupermarketBasket.Tests.csproj", "{D4CD3709-D679-4000-8EB9-2EC777F85C27}"
EndProject
Global
	GlobalSection(SolutionConfigurationPlatforms) = preSolution
		Debug|Any CPU = Debug|Any CPU
		Release|Any CPU = Release|Any CPU
	EndGlobalSection
	GlobalSection(ProjectConfigurationPlatforms) = postSolution
		{D4CD3709-D679-4000-8EB9-2EC777F85C27}.Debug|Any CPU.ActiveCfg = Debug|Any CPU
		{D4CD3709-D679-4000-8EB9-2EC777F85C27}.Debug|Any CPU.Build.0 = Debug|Any CPU
		{D4CD3709-D679-4000-8EB9-2EC777F85C27}.Release|Any CPU.ActiveCfg = Release|Any CPU
		{D4CD3709-D679-4000-8EB9-2EC777F85C27}.Release|Any CPU.Build.0 = Release|Any CPU
	EndGlobalSection
	GlobalSection(SolutionProperties) = preSolution
		HideSolutionNode = FALSE
	EndGlobalSection
	GlobalSection(ExtensibilityGlobals) = postSolution
		SolutionGuid = {58ED8CDA-0ADE-476D-ABB9-A6FC2B78B304}
	EndGlobalSection
EndGlobal
